
Microsoft Visual Studio Solution File, Format Version 12.00
# Visual Studio Version 16
VisualStudioVersion = 16.0.30523.141
MinimumVisualStudioVersion = 15.0.26124.0
Project("{9A19103F-16F7-4668-BE54-9A1E7A4F7556}") = "Adfnet.Core", "Adfnet.Core\Adfnet.Core.csproj", "{F0D586AD-E89F-486B-9CE0-A12B142396AE}"
EndProject
Project("{9A19103F-16F7-4668-BE54-9A1E7A4F7556}") = "Adfnet.Data", "Adfnet.Data\Adfnet.Data.csproj", "{B53C314C-C3AC-408D-948A-2F7C2898D382}"
EndProject
Project("{9A19103F-16F7-4668-BE54-9A1E7A4F7556}") = "Adfnet.Setup", "Adfnet.Setup\Adfnet.Setup.csproj", "{4835E88C-D9DC-4C31-A7DA-0D64C38A4BB0}"
EndProject
Project("{9A19103F-16F7-4668-BE54-9A1E7A4F7556}") = "Adfnet.Web.Api", "Adfnet.Web.Api\Adfnet.Web.Api.csproj", "{B0B0C88F-FF59-43CD-A7A4-4F1A931394F8}"
EndProject
Project("{9A19103F-16F7-4668-BE54-9A1E7A4F7556}") = "Adfnet.Service", "Adfnet.Service\Adfnet.Service.csproj", "{FB18E4DB-A732-4A25-8923-9F2A906EAF41}"
EndProject
Project("{9A19103F-16F7-4668-BE54-9A1E7A4F7556}") = "Adfnet.Service.Implementations", "Adfnet.Service.Implementations\Adfnet.Service.Implementations.csproj", "{0201B5B8-0902-4DB9-BE4C-8ABFAF676493}"
EndProject
Project("{9A19103F-16F7-4668-BE54-9A1E7A4F7556}") = "Adfnet.Web.Common", "Adfnet.Web.Common\Adfnet.Web.Common.csproj", "{6E07CA7A-1427-4552-A8DF-484FAD2FF42E}"
EndProject
Project("{FAE04EC0-301F-11D3-BF4B-00C04F79EFBC}") = "Adfnet.Web.Api.Tests", "Adfnet.Web.Api.Tests\Adfnet.Web.Api.Tests.csproj", "{F081C3D5-64D3-4401-A2A6-4626D2615EFD}"
EndProject
Global
	GlobalSection(SolutionConfigurationPlatforms) = preSolution
		Debug|Any CPU = Debug|Any CPU
		Debug|x64 = Debug|x64
		Debug|x86 = Debug|x86
		Release|Any CPU = Release|Any CPU
		Release|x64 = Release|x64
		Release|x86 = Release|x86
	EndGlobalSection
	GlobalSection(ProjectConfigurationPlatforms) = postSolution
		{F0D586AD-E89F-486B-9CE0-A12B142396AE}.Debug|Any CPU.ActiveCfg = Debug|Any CPU
		{F0D586AD-E89F-486B-9CE0-A12B142396AE}.Debug|Any CPU.Build.0 = Debug|Any CPU
		{F0D586AD-E89F-486B-9CE0-A12B142396AE}.Debug|x64.ActiveCfg = Debug|Any CPU
		{F0D586AD-E89F-486B-9CE0-A12B142396AE}.Debug|x64.Build.0 = Debug|Any CPU
		{F0D586AD-E89F-486B-9CE0-A12B142396AE}.Debug|x86.ActiveCfg = Debug|Any CPU
		{F0D586AD-E89F-486B-9CE0-A12B142396AE}.Debug|x86.Build.0 = Debug|Any CPU
		{F0D586AD-E89F-486B-9CE0-A12B142396AE}.Release|Any CPU.ActiveCfg = Release|Any CPU
		{F0D586AD-E89F-486B-9CE0-A12B142396AE}.Release|Any CPU.Build.0 = Release|Any CPU
		{F0D586AD-E89F-486B-9CE0-A12B142396AE}.Release|x64.ActiveCfg = Release|Any CPU
		{F0D586AD-E89F-486B-9CE0-A12B142396AE}.Release|x64.Build.0 = Release|Any CPU
		{F0D586AD-E89F-486B-9CE0-A12B142396AE}.Release|x86.ActiveCfg = Release|Any CPU
		{F0D586AD-E89F-486B-9CE0-A12B142396AE}.Release|x86.Build.0 = Release|Any CPU
		{B53C314C-C3AC-408D-948A-2F7C2898D382}.Debug|Any CPU.ActiveCfg = Debug|Any CPU
		{B53C314C-C3AC-408D-948A-2F7C2898D382}.Debug|Any CPU.Build.0 = Debug|Any CPU
		{B53C314C-C3AC-408D-948A-2F7C2898D382}.Debug|x64.ActiveCfg = Debug|Any CPU
		{B53C314C-C3AC-408D-948A-2F7C2898D382}.Debug|x64.Build.0 = Debug|Any CPU
		{B53C314C-C3AC-408D-948A-2F7C2898D382}.Debug|x86.ActiveCfg = Debug|Any CPU
		{B53C314C-C3AC-408D-948A-2F7C2898D382}.Debug|x86.Build.0 = Debug|Any CPU
		{B53C314C-C3AC-408D-948A-2F7C2898D382}.Release|Any CPU.ActiveCfg = Release|Any CPU
		{B53C314C-C3AC-408D-948A-2F7C2898D382}.Release|Any CPU.Build.0 = Release|Any CPU
		{B53C314C-C3AC-408D-948A-2F7C2898D382}.Release|x64.ActiveCfg = Release|Any CPU
		{B53C314C-C3AC-408D-948A-2F7C2898D382}.Release|x64.Build.0 = Release|Any CPU
		{B53C314C-C3AC-408D-948A-2F7C2898D382}.Release|x86.ActiveCfg = Release|Any CPU
		{B53C314C-C3AC-408D-948A-2F7C2898D382}.Release|x86.Build.0 = Release|Any CPU
		{4835E88C-D9DC-4C31-A7DA-0D64C38A4BB0}.Debug|Any CPU.ActiveCfg = Debug|Any CPU
		{4835E88C-D9DC-4C31-A7DA-0D64C38A4BB0}.Debug|Any CPU.Build.0 = Debug|Any CPU
		{4835E88C-D9DC-4C31-A7DA-0D64C38A4BB0}.Debug|x64.ActiveCfg = Debug|Any CPU
		{4835E88C-D9DC-4C31-A7DA-0D64C38A4BB0}.Debug|x64.Build.0 = Debug|Any CPU
		{4835E88C-D9DC-4C31-A7DA-0D64C38A4BB0}.Debug|x86.ActiveCfg = Debug|Any CPU
		{4835E88C-D9DC-4C31-A7DA-0D64C38A4BB0}.Debug|x86.Build.0 = Debug|Any CPU
		{4835E88C-D9DC-4C31-A7DA-0D64C38A4BB0}.Release|Any CPU.ActiveCfg = Release|Any CPU
		{4835E88C-D9DC-4C31-A7DA-0D64C38A4BB0}.Release|Any CPU.Build.0 = Release|Any CPU
		{4835E88C-D9DC-4C31-A7DA-0D64C38A4BB0}.Release|x64.ActiveCfg = Release|Any CPU
		{4835E88C-D9DC-4C31-A7DA-0D64C38A4BB0}.Release|x64.Build.0 = Release|Any CPU
		{4835E88C-D9DC-4C31-A7DA-0D64C38A4BB0}.Release|x86.ActiveCfg = Release|Any CPU
		{4835E88C-D9DC-4C31-A7DA-0D64C38A4BB0}.Release|x86.Build.0 = Release|Any CPU
		{B0B0C88F-FF59-43CD-A7A4-4F1A931394F8}.Debug|Any CPU.ActiveCfg = Debug|Any CPU
		{B0B0C88F-FF59-43CD-A7A4-4F1A931394F8}.Debug|Any CPU.Build.0 = Debug|Any CPU
		{B0B0C88F-FF59-43CD-A7A4-4F1A931394F8}.Debug|x64.ActiveCfg = Debug|Any CPU
		{B0B0C88F-FF59-43CD-A7A4-4F1A931394F8}.Debug|x64.Build.0 = Debug|Any CPU
		{B0B0C88F-FF59-43CD-A7A4-4F1A931394F8}.Debug|x86.ActiveCfg = Debug|Any CPU
		{B0B0C88F-FF59-43CD-A7A4-4F1A931394F8}.Debug|x86.Build.0 = Debug|Any CPU
		{B0B0C88F-FF59-43CD-A7A4-4F1A931394F8}.Release|Any CPU.ActiveCfg = Release|Any CPU
		{B0B0C88F-FF59-43CD-A7A4-4F1A931394F8}.Release|Any CPU.Build.0 = Release|Any CPU
		{B0B0C88F-FF59-43CD-A7A4-4F1A931394F8}.Release|x64.ActiveCfg = Release|Any CPU
		{B0B0C88F-FF59-43CD-A7A4-4F1A931394F8}.Release|x64.Build.0 = Release|Any CPU
		{B0B0C88F-FF59-43CD-A7A4-4F1A931394F8}.Release|x86.ActiveCfg = Release|Any CPU
		{B0B0C88F-FF59-43CD-A7A4-4F1A931394F8}.Release|x86.Build.0 = Release|Any CPU
		{FB18E4DB-A732-4A25-8923-9F2A906EAF41}.Debug|Any CPU.ActiveCfg = Debug|Any CPU
		{FB18E4DB-A732-4A25-8923-9F2A906EAF41}.Debug|Any CPU.Build.0 = Debug|Any CPU
		{FB18E4DB-A732-4A25-8923-9F2A906EAF41}.Debug|x64.ActiveCfg = Debug|Any CPU
		{FB18E4DB-A732-4A25-8923-9F2A906EAF41}.Debug|x64.Build.0 = Debug|Any CPU
		{FB18E4DB-A732-4A25-8923-9F2A906EAF41}.Debug|x86.ActiveCfg = Debug|Any CPU
		{FB18E4DB-A732-4A25-8923-9F2A906EAF41}.Debug|x86.Build.0 = Debug|Any CPU
		{FB18E4DB-A732-4A25-8923-9F2A906EAF41}.Release|Any CPU.ActiveCfg = Release|Any CPU
		{FB18E4DB-A732-4A25-8923-9F2A906EAF41}.Release|Any CPU.Build.0 = Release|Any CPU
		{FB18E4DB-A732-4A25-8923-9F2A906EAF41}.Release|x64.ActiveCfg = Release|Any CPU
		{FB18E4DB-A732-4A25-8923-9F2A906EAF41}.Release|x64.Build.0 = Release|Any CPU
		{FB18E4DB-A732-4A25-8923-9F2A906EAF41}.Release|x86.ActiveCfg = Release|Any CPU
		{FB18E4DB-A732-4A25-8923-9F2A906EAF41}.Release|x86.Build.0 = Release|Any CPU
		{0201B5B8-0902-4DB9-BE4C-8ABFAF676493}.Debug|Any CPU.ActiveCfg = Debug|Any CPU
		{0201B5B8-0902-4DB9-BE4C-8ABFAF676493}.Debug|Any CPU.Build.0 = Debug|Any CPU
		{0201B5B8-0902-4DB9-BE4C-8ABFAF676493}.Debug|x64.ActiveCfg = Debug|Any CPU
		{0201B5B8-0902-4DB9-BE4C-8ABFAF676493}.Debug|x64.Build.0 = Debug|Any CPU
		{0201B5B8-0902-4DB9-BE4C-8ABFAF676493}.Debug|x86.ActiveCfg = Debug|Any CPU
		{0201B5B8-0902-4DB9-BE4C-8ABFAF676493}.Debug|x86.Build.0 = Debug|Any CPU
		{0201B5B8-0902-4DB9-BE4C-8ABFAF676493}.Release|Any CPU.ActiveCfg = Release|Any CPU
		{0201B5B8-0902-4DB9-BE4C-8ABFAF676493}.Release|Any CPU.Build.0 = Release|Any CPU
		{0201B5B8-0902-4DB9-BE4C-8ABFAF676493}.Release|x64.ActiveCfg = Release|Any CPU
		{0201B5B8-0902-4DB9-BE4C-8ABFAF676493}.Release|x64.Build.0 = Release|Any CPU
		{0201B5B8-0902-4DB9-BE4C-8ABFAF676493}.Release|x86.ActiveCfg = Release|Any CPU
		{0201B5B8-0902-4DB9-BE4C-8ABFAF676493}.Release|x86.Build.0 = Release|Any CPU
		{6E07CA7A-1427-4552-A8DF-484FAD2FF42E}.Debug|Any CPU.ActiveCfg = Debug|Any CPU
		{6E07CA7A-1427-4552-A8DF-484FAD2FF42E}.Debug|Any CPU.Build.0 = Debug|Any CPU
		{6E07CA7A-1427-4552-A8DF-484FAD2FF42E}.Debug|x64.ActiveCfg = Debug|Any CPU
		{6E07CA7A-1427-4552-A8DF-484FAD2FF42E}.Debug|x64.Build.0 = Debug|Any CPU
		{6E07CA7A-1427-4552-A8DF-484FAD2FF42E}.Debug|x86.ActiveCfg = Debug|Any CPU
		{6E07CA7A-1427-4552-A8DF-484FAD2FF42E}.Debug|x86.Build.0 = Debug|Any CPU
		{6E07CA7A-1427-4552-A8DF-484FAD2FF42E}.Release|Any CPU.ActiveCfg = Release|Any CPU
		{6E07CA7A-1427-4552-A8DF-484FAD2FF42E}.Release|Any CPU.Build.0 = Release|Any CPU
		{6E07CA7A-1427-4552-A8DF-484FAD2FF42E}.Release|x64.ActiveCfg = Release|Any CPU
		{6E07CA7A-1427-4552-A8DF-484FAD2FF42E}.Release|x64.Build.0 = Release|Any CPU
		{6E07CA7A-1427-4552-A8DF-484FAD2FF42E}.Release|x86.ActiveCfg = Release|Any CPU
		{6E07CA7A-1427-4552-A8DF-484FAD2FF42E}.Release|x86.Build.0 = Release|Any CPU
		{F081C3D5-64D3-4401-A2A6-4626D2615EFD}.Debug|Any CPU.ActiveCfg = Debug|Any CPU
		{F081C3D5-64D3-4401-A2A6-4626D2615EFD}.Debug|Any CPU.Build.0 = Debug|Any CPU
		{F081C3D5-64D3-4401-A2A6-4626D2615EFD}.Debug|x64.ActiveCfg = Debug|Any CPU
		{F081C3D5-64D3-4401-A2A6-4626D2615EFD}.Debug|x64.Build.0 = Debug|Any CPU
		{F081C3D5-64D3-4401-A2A6-4626D2615EFD}.Debug|x86.ActiveCfg = Debug|Any CPU
		{F081C3D5-64D3-4401-A2A6-4626D2615EFD}.Debug|x86.Build.0 = Debug|Any CPU
		{F081C3D5-64D3-4401-A2A6-4626D2615EFD}.Release|Any CPU.ActiveCfg = Release|Any CPU
		{F081C3D5-64D3-4401-A2A6-4626D2615EFD}.Release|Any CPU.Build.0 = Release|Any CPU
		{F081C3D5-64D3-4401-A2A6-4626D2615EFD}.Release|x64.ActiveCfg = Release|Any CPU
		{F081C3D5-64D3-4401-A2A6-4626D2615EFD}.Release|x64.Build.0 = Release|Any CPU
		{F081C3D5-64D3-4401-A2A6-4626D2615EFD}.Release|x86.ActiveCfg = Release|Any CPU
		{F081C3D5-64D3-4401-A2A6-4626D2615EFD}.Release|x86.Build.0 = Release|Any CPU
	EndGlobalSection
	GlobalSection(SolutionProperties) = preSolution
		HideSolutionNode = FALSE
	EndGlobalSection
	GlobalSection(ExtensibilityGlobals) = postSolution
		SolutionGuid = {232DEB1A-3948-4D76-B331-685B3DC1E4D1}
	EndGlobalSection
EndGlobal
