
Microsoft Visual Studio Solution File, Format Version 12.00
# Visual Studio 15
VisualStudioVersion = 15.0.26124.0
MinimumVisualStudioVersion = 15.0.26124.0
Project("{FAE04EC0-301F-11D3-BF4B-00C04F79EFBC}") = "Adfnet.Core", "Adfnet.Core\Adfnet.Core.csproj", "{D304BFAD-FC4A-4A68-AF03-AC7B93CF4A6E}"
EndProject
Project("{FAE04EC0-301F-11D3-BF4B-00C04F79EFBC}") = "Adfnet.Data", "Adfnet.Data\Adfnet.Data.csproj", "{9E785925-C34A-4870-86DE-FCB0FC83C1FA}"
EndProject
Project("{FAE04EC0-301F-11D3-BF4B-00C04F79EFBC}") = "Adfnet.Service", "Adfnet.Service\Adfnet.Service.csproj", "{FE0DDF41-99CB-41F1-A8FB-88944674B361}"
EndProject
Project("{FAE04EC0-301F-11D3-BF4B-00C04F79EFBC}") = "Adfnet.Service.Implementations", "Adfnet.Service.Implementations\Adfnet.Service.Implementations.csproj", "{B2E97B45-58F5-4B95-B4B0-F3397F566152}"
EndProject
Project("{FAE04EC0-301F-11D3-BF4B-00C04F79EFBC}") = "Adfnet.Setup", "Adfnet.Setup\Adfnet.Setup.csproj", "{390FE56F-2D02-4B1F-86C1-19BAB8E189D6}"
EndProject
Project("{FAE04EC0-301F-11D3-BF4B-00C04F79EFBC}") = "Adfnet.Web.Api", "Adfnet.Web.Api\Adfnet.Web.Api.csproj", "{81066B3A-2F37-4736-ADE0-D6E8E6CBF6D2}"
EndProject
Project("{FAE04EC0-301F-11D3-BF4B-00C04F79EFBC}") = "Adfnet.Web.Common", "Adfnet.Web.Common\Adfnet.Web.Common.csproj", "{9B9C325B-AB31-49E7-A6D9-D24615772A3E}"
EndProject
Global
	GlobalSection(SolutionConfigurationPlatforms) = preSolution
		Debug|Any CPU = Debug|Any CPU
		Debug|x64 = Debug|x64
		Debug|x86 = Debug|x86
		Release|Any CPU = Release|Any CPU
		Release|x64 = Release|x64
		Release|x86 = Release|x86
	EndGlobalSection
	GlobalSection(SolutionProperties) = preSolution
		HideSolutionNode = FALSE
	EndGlobalSection
	GlobalSection(ProjectConfigurationPlatforms) = postSolution
		{D304BFAD-FC4A-4A68-AF03-AC7B93CF4A6E}.Debug|Any CPU.ActiveCfg = Debug|Any CPU
		{D304BFAD-FC4A-4A68-AF03-AC7B93CF4A6E}.Debug|Any CPU.Build.0 = Debug|Any CPU
		{D304BFAD-FC4A-4A68-AF03-AC7B93CF4A6E}.Debug|x64.ActiveCfg = Debug|Any CPU
		{D304BFAD-FC4A-4A68-AF03-AC7B93CF4A6E}.Debug|x64.Build.0 = Debug|Any CPU
		{D304BFAD-FC4A-4A68-AF03-AC7B93CF4A6E}.Debug|x86.ActiveCfg = Debug|Any CPU
		{D304BFAD-FC4A-4A68-AF03-AC7B93CF4A6E}.Debug|x86.Build.0 = Debug|Any CPU
		{D304BFAD-FC4A-4A68-AF03-AC7B93CF4A6E}.Release|Any CPU.ActiveCfg = Release|Any CPU
		{D304BFAD-FC4A-4A68-AF03-AC7B93CF4A6E}.Release|Any CPU.Build.0 = Release|Any CPU
		{D304BFAD-FC4A-4A68-AF03-AC7B93CF4A6E}.Release|x64.ActiveCfg = Release|Any CPU
		{D304BFAD-FC4A-4A68-AF03-AC7B93CF4A6E}.Release|x64.Build.0 = Release|Any CPU
		{D304BFAD-FC4A-4A68-AF03-AC7B93CF4A6E}.Release|x86.ActiveCfg = Release|Any CPU
		{D304BFAD-FC4A-4A68-AF03-AC7B93CF4A6E}.Release|x86.Build.0 = Release|Any CPU
		{9E785925-C34A-4870-86DE-FCB0FC83C1FA}.Debug|Any CPU.ActiveCfg = Debug|Any CPU
		{9E785925-C34A-4870-86DE-FCB0FC83C1FA}.Debug|Any CPU.Build.0 = Debug|Any CPU
		{9E785925-C34A-4870-86DE-FCB0FC83C1FA}.Debug|x64.ActiveCfg = Debug|Any CPU
		{9E785925-C34A-4870-86DE-FCB0FC83C1FA}.Debug|x64.Build.0 = Debug|Any CPU
		{9E785925-C34A-4870-86DE-FCB0FC83C1FA}.Debug|x86.ActiveCfg = Debug|Any CPU
		{9E785925-C34A-4870-86DE-FCB0FC83C1FA}.Debug|x86.Build.0 = Debug|Any CPU
		{9E785925-C34A-4870-86DE-FCB0FC83C1FA}.Release|Any CPU.ActiveCfg = Release|Any CPU
		{9E785925-C34A-4870-86DE-FCB0FC83C1FA}.Release|Any CPU.Build.0 = Release|Any CPU
		{9E785925-C34A-4870-86DE-FCB0FC83C1FA}.Release|x64.ActiveCfg = Release|Any CPU
		{9E785925-C34A-4870-86DE-FCB0FC83C1FA}.Release|x64.Build.0 = Release|Any CPU
		{9E785925-C34A-4870-86DE-FCB0FC83C1FA}.Release|x86.ActiveCfg = Release|Any CPU
		{9E785925-C34A-4870-86DE-FCB0FC83C1FA}.Release|x86.Build.0 = Release|Any CPU
		{FE0DDF41-99CB-41F1-A8FB-88944674B361}.Debug|Any CPU.ActiveCfg = Debug|Any CPU
		{FE0DDF41-99CB-41F1-A8FB-88944674B361}.Debug|Any CPU.Build.0 = Debug|Any CPU
		{FE0DDF41-99CB-41F1-A8FB-88944674B361}.Debug|x64.ActiveCfg = Debug|Any CPU
		{FE0DDF41-99CB-41F1-A8FB-88944674B361}.Debug|x64.Build.0 = Debug|Any CPU
		{FE0DDF41-99CB-41F1-A8FB-88944674B361}.Debug|x86.ActiveCfg = Debug|Any CPU
		{FE0DDF41-99CB-41F1-A8FB-88944674B361}.Debug|x86.Build.0 = Debug|Any CPU
		{FE0DDF41-99CB-41F1-A8FB-88944674B361}.Release|Any CPU.ActiveCfg = Release|Any CPU
		{FE0DDF41-99CB-41F1-A8FB-88944674B361}.Release|Any CPU.Build.0 = Release|Any CPU
		{FE0DDF41-99CB-41F1-A8FB-88944674B361}.Release|x64.ActiveCfg = Release|Any CPU
		{FE0DDF41-99CB-41F1-A8FB-88944674B361}.Release|x64.Build.0 = Release|Any CPU
		{FE0DDF41-99CB-41F1-A8FB-88944674B361}.Release|x86.ActiveCfg = Release|Any CPU
		{FE0DDF41-99CB-41F1-A8FB-88944674B361}.Release|x86.Build.0 = Release|Any CPU
		{B2E97B45-58F5-4B95-B4B0-F3397F566152}.Debug|Any CPU.ActiveCfg = Debug|Any CPU
		{B2E97B45-58F5-4B95-B4B0-F3397F566152}.Debug|Any CPU.Build.0 = Debug|Any CPU
		{B2E97B45-58F5-4B95-B4B0-F3397F566152}.Debug|x64.ActiveCfg = Debug|Any CPU
		{B2E97B45-58F5-4B95-B4B0-F3397F566152}.Debug|x64.Build.0 = Debug|Any CPU
		{B2E97B45-58F5-4B95-B4B0-F3397F566152}.Debug|x86.ActiveCfg = Debug|Any CPU
		{B2E97B45-58F5-4B95-B4B0-F3397F566152}.Debug|x86.Build.0 = Debug|Any CPU
		{B2E97B45-58F5-4B95-B4B0-F3397F566152}.Release|Any CPU.ActiveCfg = Release|Any CPU
		{B2E97B45-58F5-4B95-B4B0-F3397F566152}.Release|Any CPU.Build.0 = Release|Any CPU
		{B2E97B45-58F5-4B95-B4B0-F3397F566152}.Release|x64.ActiveCfg = Release|Any CPU
		{B2E97B45-58F5-4B95-B4B0-F3397F566152}.Release|x64.Build.0 = Release|Any CPU
		{B2E97B45-58F5-4B95-B4B0-F3397F566152}.Release|x86.ActiveCfg = Release|Any CPU
		{B2E97B45-58F5-4B95-B4B0-F3397F566152}.Release|x86.Build.0 = Release|Any CPU
		{390FE56F-2D02-4B1F-86C1-19BAB8E189D6}.Debug|Any CPU.ActiveCfg = Debug|Any CPU
		{390FE56F-2D02-4B1F-86C1-19BAB8E189D6}.Debug|Any CPU.Build.0 = Debug|Any CPU
		{390FE56F-2D02-4B1F-86C1-19BAB8E189D6}.Debug|x64.ActiveCfg = Debug|Any CPU
		{390FE56F-2D02-4B1F-86C1-19BAB8E189D6}.Debug|x64.Build.0 = Debug|Any CPU
		{390FE56F-2D02-4B1F-86C1-19BAB8E189D6}.Debug|x86.ActiveCfg = Debug|Any CPU
		{390FE56F-2D02-4B1F-86C1-19BAB8E189D6}.Debug|x86.Build.0 = Debug|Any CPU
		{390FE56F-2D02-4B1F-86C1-19BAB8E189D6}.Release|Any CPU.ActiveCfg = Release|Any CPU
		{390FE56F-2D02-4B1F-86C1-19BAB8E189D6}.Release|Any CPU.Build.0 = Release|Any CPU
		{390FE56F-2D02-4B1F-86C1-19BAB8E189D6}.Release|x64.ActiveCfg = Release|Any CPU
		{390FE56F-2D02-4B1F-86C1-19BAB8E189D6}.Release|x64.Build.0 = Release|Any CPU
		{390FE56F-2D02-4B1F-86C1-19BAB8E189D6}.Release|x86.ActiveCfg = Release|Any CPU
		{390FE56F-2D02-4B1F-86C1-19BAB8E189D6}.Release|x86.Build.0 = Release|Any CPU
		{81066B3A-2F37-4736-ADE0-D6E8E6CBF6D2}.Debug|Any CPU.ActiveCfg = Debug|Any CPU
		{81066B3A-2F37-4736-ADE0-D6E8E6CBF6D2}.Debug|Any CPU.Build.0 = Debug|Any CPU
		{81066B3A-2F37-4736-ADE0-D6E8E6CBF6D2}.Debug|x64.ActiveCfg = Debug|Any CPU
		{81066B3A-2F37-4736-ADE0-D6E8E6CBF6D2}.Debug|x64.Build.0 = Debug|Any CPU
		{81066B3A-2F37-4736-ADE0-D6E8E6CBF6D2}.Debug|x86.ActiveCfg = Debug|Any CPU
		{81066B3A-2F37-4736-ADE0-D6E8E6CBF6D2}.Debug|x86.Build.0 = Debug|Any CPU
		{81066B3A-2F37-4736-ADE0-D6E8E6CBF6D2}.Release|Any CPU.ActiveCfg = Release|Any CPU
		{81066B3A-2F37-4736-ADE0-D6E8E6CBF6D2}.Release|Any CPU.Build.0 = Release|Any CPU
		{81066B3A-2F37-4736-ADE0-D6E8E6CBF6D2}.Release|x64.ActiveCfg = Release|Any CPU
		{81066B3A-2F37-4736-ADE0-D6E8E6CBF6D2}.Release|x64.Build.0 = Release|Any CPU
		{81066B3A-2F37-4736-ADE0-D6E8E6CBF6D2}.Release|x86.ActiveCfg = Release|Any CPU
		{81066B3A-2F37-4736-ADE0-D6E8E6CBF6D2}.Release|x86.Build.0 = Release|Any CPU
		{9B9C325B-AB31-49E7-A6D9-D24615772A3E}.Debug|Any CPU.ActiveCfg = Debug|Any CPU
		{9B9C325B-AB31-49E7-A6D9-D24615772A3E}.Debug|Any CPU.Build.0 = Debug|Any CPU
		{9B9C325B-AB31-49E7-A6D9-D24615772A3E}.Debug|x64.ActiveCfg = Debug|Any CPU
		{9B9C325B-AB31-49E7-A6D9-D24615772A3E}.Debug|x64.Build.0 = Debug|Any CPU
		{9B9C325B-AB31-49E7-A6D9-D24615772A3E}.Debug|x86.ActiveCfg = Debug|Any CPU
		{9B9C325B-AB31-49E7-A6D9-D24615772A3E}.Debug|x86.Build.0 = Debug|Any CPU
		{9B9C325B-AB31-49E7-A6D9-D24615772A3E}.Release|Any CPU.ActiveCfg = Release|Any CPU
		{9B9C325B-AB31-49E7-A6D9-D24615772A3E}.Release|Any CPU.Build.0 = Release|Any CPU
		{9B9C325B-AB31-49E7-A6D9-D24615772A3E}.Release|x64.ActiveCfg = Release|Any CPU
		{9B9C325B-AB31-49E7-A6D9-D24615772A3E}.Release|x64.Build.0 = Release|Any CPU
		{9B9C325B-AB31-49E7-A6D9-D24615772A3E}.Release|x86.ActiveCfg = Release|Any CPU
		{9B9C325B-AB31-49E7-A6D9-D24615772A3E}.Release|x86.Build.0 = Release|Any CPU
	EndGlobalSection
EndGlobal
